
Microsoft Visual Studio Solution File, Format Version 12.00
# Visual Studio Version 17
VisualStudioVersion = 17.12.35707.178
MinimumVisualStudioVersion = 10.0.40219.1
Project("{FAE04EC0-301F-11D3-BF4B-00C04F79EFBC}") = "N5.Permissions.Api", "N5.Permissions.Api\N5.Permissions.Api.csproj", "{61F3DFBC-B2B4-4B3B-9C32-9169C923BE19}"
EndProject
Project("{FAE04EC0-301F-11D3-BF4B-00C04F79EFBC}") = "N5.Permissions.Application", "N5.Permissions.Application\N5.Permissions.Application.csproj", "{7AA7BF53-D83C-4502-8425-63EF6E0D6602}"
EndProject
Project("{FAE04EC0-301F-11D3-BF4B-00C04F79EFBC}") = "N5.Permissions.Domain", "N5.Permissions.Domain\N5.Permissions.Domain.csproj", "{D5B7BC0C-FAB0-4608-944F-964C687A8736}"
EndProject
Project("{FAE04EC0-301F-11D3-BF4B-00C04F79EFBC}") = "N5.Permissions.Infrastructure", "N5.Permissions.Infrastructure\N5.Permissions.Infrastructure.csproj", "{E0C8A385-0C2A-4DFA-9840-58A6830606B3}"
EndProject
Project("{FAE04EC0-301F-11D3-BF4B-00C04F79EFBC}") = "N5.Permissions.Tests", "N5.Permissions.Tests\N5.Permissions.Tests.csproj", "{7BDAD34E-B10E-49E5-A4AD-F76A030EE123}"
EndProject
Project("{2150E333-8FDC-42A3-9474-1A3956D46DE8}") = "Elementos de la solución", "Elementos de la solución", "{3864C7AF-E2EE-46CD-940D-D95982E0E36C}"
	ProjectSection(SolutionItems) = preProject
		docker-compose.yml = docker-compose.yml
	EndProjectSection
EndProject
Global
	GlobalSection(SolutionConfigurationPlatforms) = preSolution
		Debug|Any CPU = Debug|Any CPU
		Release|Any CPU = Release|Any CPU
	EndGlobalSection
	GlobalSection(ProjectConfigurationPlatforms) = postSolution
		{61F3DFBC-B2B4-4B3B-9C32-9169C923BE19}.Debug|Any CPU.ActiveCfg = Debug|Any CPU
		{61F3DFBC-B2B4-4B3B-9C32-9169C923BE19}.Debug|Any CPU.Build.0 = Debug|Any CPU
		{61F3DFBC-B2B4-4B3B-9C32-9169C923BE19}.Release|Any CPU.ActiveCfg = Release|Any CPU
		{61F3DFBC-B2B4-4B3B-9C32-9169C923BE19}.Release|Any CPU.Build.0 = Release|Any CPU
		{7AA7BF53-D83C-4502-8425-63EF6E0D6602}.Debug|Any CPU.ActiveCfg = Debug|Any CPU
		{7AA7BF53-D83C-4502-8425-63EF6E0D6602}.Debug|Any CPU.Build.0 = Debug|Any CPU
		{7AA7BF53-D83C-4502-8425-63EF6E0D6602}.Release|Any CPU.ActiveCfg = Release|Any CPU
		{7AA7BF53-D83C-4502-8425-63EF6E0D6602}.Release|Any CPU.Build.0 = Release|Any CPU
		{D5B7BC0C-FAB0-4608-944F-964C687A8736}.Debug|Any CPU.ActiveCfg = Debug|Any CPU
		{D5B7BC0C-FAB0-4608-944F-964C687A8736}.Debug|Any CPU.Build.0 = Debug|Any CPU
		{D5B7BC0C-FAB0-4608-944F-964C687A8736}.Release|Any CPU.ActiveCfg = Release|Any CPU
		{D5B7BC0C-FAB0-4608-944F-964C687A8736}.Release|Any CPU.Build.0 = Release|Any CPU
		{E0C8A385-0C2A-4DFA-9840-58A6830606B3}.Debug|Any CPU.ActiveCfg = Debug|Any CPU
		{E0C8A385-0C2A-4DFA-9840-58A6830606B3}.Debug|Any CPU.Build.0 = Debug|Any CPU
		{E0C8A385-0C2A-4DFA-9840-58A6830606B3}.Release|Any CPU.ActiveCfg = Release|Any CPU
		{E0C8A385-0C2A-4DFA-9840-58A6830606B3}.Release|Any CPU.Build.0 = Release|Any CPU
		{7BDAD34E-B10E-49E5-A4AD-F76A030EE123}.Debug|Any CPU.ActiveCfg = Debug|Any CPU
		{7BDAD34E-B10E-49E5-A4AD-F76A030EE123}.Debug|Any CPU.Build.0 = Debug|Any CPU
		{7BDAD34E-B10E-49E5-A4AD-F76A030EE123}.Release|Any CPU.ActiveCfg = Release|Any CPU
		{7BDAD34E-B10E-49E5-A4AD-F76A030EE123}.Release|Any CPU.Build.0 = Release|Any CPU
	EndGlobalSection
	GlobalSection(SolutionProperties) = preSolution
		HideSolutionNode = FALSE
	EndGlobalSection
EndGlobal
